
Microsoft Visual Studio Solution File, Format Version 12.00
# Visual Studio Version 17
VisualStudioVersion = 17.0.32112.339
MinimumVisualStudioVersion = 10.0.40219.1
Project("{FAE04EC0-301F-11D3-BF4B-00C04F79EFBC}") = "DemoMercadoPago", "DemoMercadoPago.csproj", "{B292F3EF-344C-43BE-9B79-F4E82BCE5DC8}"
EndProject
Global
	GlobalSection(SolutionConfigurationPlatforms) = preSolution
		Debug|Any CPU = Debug|Any CPU
		Release|Any CPU = Release|Any CPU
	EndGlobalSection
	GlobalSection(ProjectConfigurationPlatforms) = postSolution
		{B292F3EF-344C-43BE-9B79-F4E82BCE5DC8}.Debug|Any CPU.ActiveCfg = Debug|Any CPU
		{B292F3EF-344C-43BE-9B79-F4E82BCE5DC8}.Debug|Any CPU.Build.0 = Debug|Any CPU
		{B292F3EF-344C-43BE-9B79-F4E82BCE5DC8}.Release|Any CPU.ActiveCfg = Release|Any CPU
		{B292F3EF-344C-43BE-9B79-F4E82BCE5DC8}.Release|Any CPU.Build.0 = Release|Any CPU
	EndGlobalSection
	GlobalSection(SolutionProperties) = preSolution
		HideSolutionNode = FALSE
	EndGlobalSection
	GlobalSection(ExtensibilityGlobals) = postSolution
		SolutionGuid = {62F1494F-BBFB-44B6-BA60-C20B1864D84C}
	EndGlobalSection
EndGlobal
